{
  "originHash" : "96112f37e9a790f65702d93254cdda6bedfb01c8acc0a3a1270f01dc2eeff67a",
  "pins" : [
    {
      "identity" : "bigint",
      "kind" : "remoteSourceControl",
      "location" : "https://github.com/attaswift/BigInt.git",
      "state" : {
        "revision" : "0ed110f7555c34ff468e72e1686e59721f2b0da6",
        "version" : "5.3.0"
      }
    },
    {
      "identity" : "eth.swift",
      "kind" : "remoteSourceControl",
      "location" : "https://github.com/hayesgm/Eth.swift",
      "state" : {
        "revision" : "88a9f560e678fd480f85a38aaee0bef2d1f7e403"
      }
    },
    {
      "identity" : "swift-syntax",
      "kind" : "remoteSourceControl",
      "location" : "https://github.com/apple/swift-syntax.git",
      "state" : {
        "revision" : "2bc86522d115234d1f588efe2bcb4ce4be8f8b82",
        "version" : "510.0.3"
      }
    },
    {
      "identity" : "swiftkeccak",
      "kind" : "remoteSourceControl",
      "location" : "https://github.com/hayesgm/SwiftKeccak.git",
      "state" : {
        "revision" : "98a9d4a037dd62283977d5e0ef7d11c5612ff813"
      }
    }
  ],
  "version" : 3
}
